
Microsoft Visual Studio Solution File, Format Version 12.00
# Visual Studio Version 17
VisualStudioVersion = 17.2.32630.192
MinimumVisualStudioVersion = 10.0.40219.1
Project("{2150E333-8FDC-42A3-9474-1A3956D46DE8}") = "src", "src", "{46F31B3E-E8D3-4A2A-98F8-1A7AEEEF4328}"
EndProject
Project("{2150E333-8FDC-42A3-9474-1A3956D46DE8}") = "tests", "tests", "{00F80CD7-8CEC-411D-8D9F-9BA238BED901}"
EndProject
Project("{9A19103F-16F7-4668-BE54-9A1E7A4F7556}") = "FC.CodeFlix.Catalog.UnitTests", "tests\FC.CodeFlix.Catalog.UnitTests\FC.CodeFlix.Catalog.UnitTests.csproj", "{70674E05-E145-46C5-8A62-50F9BB721544}"
EndProject
Project("{9A19103F-16F7-4668-BE54-9A1E7A4F7556}") = "FC.CodeFlix.Catalog.Domain", "src\FC.CodeFlix.Catalog.Domain\FC.CodeFlix.Catalog.Domain.csproj", "{68179155-2562-431B-BB96-0A846FC0B76C}"
EndProject
Project("{FAE04EC0-301F-11D3-BF4B-00C04F79EFBC}") = "FC.CodeFlix.Catalog.Application", "src\FC.CodeFlix.Catalog.Application\FC.CodeFlix.Catalog.Application.csproj", "{7ACE77A2-A245-4C9C-8BA0-CC6B64EFD62B}"
EndProject
Global
	GlobalSection(SolutionConfigurationPlatforms) = preSolution
		Debug|Any CPU = Debug|Any CPU
		Release|Any CPU = Release|Any CPU
	EndGlobalSection
	GlobalSection(ProjectConfigurationPlatforms) = postSolution
		{70674E05-E145-46C5-8A62-50F9BB721544}.Debug|Any CPU.ActiveCfg = Debug|Any CPU
		{70674E05-E145-46C5-8A62-50F9BB721544}.Debug|Any CPU.Build.0 = Debug|Any CPU
		{70674E05-E145-46C5-8A62-50F9BB721544}.Release|Any CPU.ActiveCfg = Release|Any CPU
		{70674E05-E145-46C5-8A62-50F9BB721544}.Release|Any CPU.Build.0 = Release|Any CPU
		{68179155-2562-431B-BB96-0A846FC0B76C}.Debug|Any CPU.ActiveCfg = Debug|Any CPU
		{68179155-2562-431B-BB96-0A846FC0B76C}.Debug|Any CPU.Build.0 = Debug|Any CPU
		{68179155-2562-431B-BB96-0A846FC0B76C}.Release|Any CPU.ActiveCfg = Release|Any CPU
		{68179155-2562-431B-BB96-0A846FC0B76C}.Release|Any CPU.Build.0 = Release|Any CPU
		{7ACE77A2-A245-4C9C-8BA0-CC6B64EFD62B}.Debug|Any CPU.ActiveCfg = Debug|Any CPU
		{7ACE77A2-A245-4C9C-8BA0-CC6B64EFD62B}.Debug|Any CPU.Build.0 = Debug|Any CPU
		{7ACE77A2-A245-4C9C-8BA0-CC6B64EFD62B}.Release|Any CPU.ActiveCfg = Release|Any CPU
		{7ACE77A2-A245-4C9C-8BA0-CC6B64EFD62B}.Release|Any CPU.Build.0 = Release|Any CPU
	EndGlobalSection
	GlobalSection(SolutionProperties) = preSolution
		HideSolutionNode = FALSE
	EndGlobalSection
	GlobalSection(NestedProjects) = preSolution
		{70674E05-E145-46C5-8A62-50F9BB721544} = {00F80CD7-8CEC-411D-8D9F-9BA238BED901}
		{68179155-2562-431B-BB96-0A846FC0B76C} = {46F31B3E-E8D3-4A2A-98F8-1A7AEEEF4328}
		{7ACE77A2-A245-4C9C-8BA0-CC6B64EFD62B} = {46F31B3E-E8D3-4A2A-98F8-1A7AEEEF4328}
	EndGlobalSection
	GlobalSection(ExtensibilityGlobals) = postSolution
		SolutionGuid = {0488D242-6DF3-436B-9543-12296327C47F}
	EndGlobalSection
EndGlobal
