
Microsoft Visual Studio Solution File, Format Version 12.00
# Visual Studio Version 17
VisualStudioVersion = 17.2.32630.192
MinimumVisualStudioVersion = 10.0.40219.1
Project("{2150E333-8FDC-42A3-9474-1A3956D46DE8}") = "src", "src", "{46F31B3E-E8D3-4A2A-98F8-1A7AEEEF4328}"
EndProject
Project("{2150E333-8FDC-42A3-9474-1A3956D46DE8}") = "tests", "tests", "{00F80CD7-8CEC-411D-8D9F-9BA238BED901}"
EndProject
Project("{9A19103F-16F7-4668-BE54-9A1E7A4F7556}") = "FC.CodeFlix.Catalog.UnitTests", "tests\FC.CodeFlix.Catalog.UnitTests\FC.CodeFlix.Catalog.UnitTests.csproj", "{70674E05-E145-46C5-8A62-50F9BB721544}"
EndProject
Project("{9A19103F-16F7-4668-BE54-9A1E7A4F7556}") = "FC.CodeFlix.Catalog.Domain", "src\FC.CodeFlix.Catalog.Domain\FC.CodeFlix.Catalog.Domain.csproj", "{68179155-2562-431B-BB96-0A846FC0B76C}"
EndProject
Project("{9A19103F-16F7-4668-BE54-9A1E7A4F7556}") = "FC.CodeFlix.Catalog.Application", "src\FC.CodeFlix.Catalog.Application\FC.CodeFlix.Catalog.Application.csproj", "{7ACE77A2-A245-4C9C-8BA0-CC6B64EFD62B}"
EndProject
Project("{9A19103F-16F7-4668-BE54-9A1E7A4F7556}") = "FC.CodeFlix.Catalog.IntegrationTests", "tests\FC.CodeFlix.Catalog.IntegrationTests\FC.CodeFlix.Catalog.IntegrationTests.csproj", "{D433634F-E7CA-49F3-8DFC-125BEBC422CF}"
EndProject
Project("{9A19103F-16F7-4668-BE54-9A1E7A4F7556}") = "FC.CodeFlix.Catalog.Infra.Data.EF", "src\FC.CodeFlix.Catalog.Infra.Data.EF\FC.CodeFlix.Catalog.Infra.Data.EF.csproj", "{472053A7-F787-4D63-89A7-7687252B341B}"
EndProject
Project("{9A19103F-16F7-4668-BE54-9A1E7A4F7556}") = "FC.CodeFlix.Catalog.End2EndTests", "tests\FC.CodeFlix.Catalog.End2EndTests\FC.CodeFlix.Catalog.End2EndTests.csproj", "{49186D82-0149-431F-BD52-577E99FC9B0F}"
EndProject
Project("{9A19103F-16F7-4668-BE54-9A1E7A4F7556}") = "FC.CodeFlix.Catalog.Api", "src\FC.CodeFlix.Catalog.Api\FC.CodeFlix.Catalog.Api.csproj", "{220DE9CA-66E0-44F8-B490-84C813C23291}"
EndProject
Project("{FAE04EC0-301F-11D3-BF4B-00C04F79EFBC}") = "FC.CodeFlix.Catalog.SharedTests", "tests\FC.CodeFlix.Catalog.SharedTests\FC.CodeFlix.Catalog.SharedTests.csproj", "{2E2E7385-A0AB-4CC4-BDC5-9F4FE12791F2}"
EndProject
Global
	GlobalSection(SolutionConfigurationPlatforms) = preSolution
		Debug|Any CPU = Debug|Any CPU
		Release|Any CPU = Release|Any CPU
	EndGlobalSection
	GlobalSection(ProjectConfigurationPlatforms) = postSolution
		{70674E05-E145-46C5-8A62-50F9BB721544}.Debug|Any CPU.ActiveCfg = Debug|Any CPU
		{70674E05-E145-46C5-8A62-50F9BB721544}.Debug|Any CPU.Build.0 = Debug|Any CPU
		{70674E05-E145-46C5-8A62-50F9BB721544}.Release|Any CPU.ActiveCfg = Release|Any CPU
		{70674E05-E145-46C5-8A62-50F9BB721544}.Release|Any CPU.Build.0 = Release|Any CPU
		{68179155-2562-431B-BB96-0A846FC0B76C}.Debug|Any CPU.ActiveCfg = Debug|Any CPU
		{68179155-2562-431B-BB96-0A846FC0B76C}.Debug|Any CPU.Build.0 = Debug|Any CPU
		{68179155-2562-431B-BB96-0A846FC0B76C}.Release|Any CPU.ActiveCfg = Release|Any CPU
		{68179155-2562-431B-BB96-0A846FC0B76C}.Release|Any CPU.Build.0 = Release|Any CPU
		{7ACE77A2-A245-4C9C-8BA0-CC6B64EFD62B}.Debug|Any CPU.ActiveCfg = Debug|Any CPU
		{7ACE77A2-A245-4C9C-8BA0-CC6B64EFD62B}.Debug|Any CPU.Build.0 = Debug|Any CPU
		{7ACE77A2-A245-4C9C-8BA0-CC6B64EFD62B}.Release|Any CPU.ActiveCfg = Release|Any CPU
		{7ACE77A2-A245-4C9C-8BA0-CC6B64EFD62B}.Release|Any CPU.Build.0 = Release|Any CPU
		{D433634F-E7CA-49F3-8DFC-125BEBC422CF}.Debug|Any CPU.ActiveCfg = Debug|Any CPU
		{D433634F-E7CA-49F3-8DFC-125BEBC422CF}.Debug|Any CPU.Build.0 = Debug|Any CPU
		{D433634F-E7CA-49F3-8DFC-125BEBC422CF}.Release|Any CPU.ActiveCfg = Release|Any CPU
		{D433634F-E7CA-49F3-8DFC-125BEBC422CF}.Release|Any CPU.Build.0 = Release|Any CPU
		{472053A7-F787-4D63-89A7-7687252B341B}.Debug|Any CPU.ActiveCfg = Debug|Any CPU
		{472053A7-F787-4D63-89A7-7687252B341B}.Debug|Any CPU.Build.0 = Debug|Any CPU
		{472053A7-F787-4D63-89A7-7687252B341B}.Release|Any CPU.ActiveCfg = Release|Any CPU
		{472053A7-F787-4D63-89A7-7687252B341B}.Release|Any CPU.Build.0 = Release|Any CPU
		{49186D82-0149-431F-BD52-577E99FC9B0F}.Debug|Any CPU.ActiveCfg = Debug|Any CPU
		{49186D82-0149-431F-BD52-577E99FC9B0F}.Debug|Any CPU.Build.0 = Debug|Any CPU
		{49186D82-0149-431F-BD52-577E99FC9B0F}.Release|Any CPU.ActiveCfg = Release|Any CPU
		{49186D82-0149-431F-BD52-577E99FC9B0F}.Release|Any CPU.Build.0 = Release|Any CPU
		{220DE9CA-66E0-44F8-B490-84C813C23291}.Debug|Any CPU.ActiveCfg = Debug|Any CPU
		{220DE9CA-66E0-44F8-B490-84C813C23291}.Debug|Any CPU.Build.0 = Debug|Any CPU
		{220DE9CA-66E0-44F8-B490-84C813C23291}.Release|Any CPU.ActiveCfg = Release|Any CPU
		{220DE9CA-66E0-44F8-B490-84C813C23291}.Release|Any CPU.Build.0 = Release|Any CPU
		{2E2E7385-A0AB-4CC4-BDC5-9F4FE12791F2}.Debug|Any CPU.ActiveCfg = Debug|Any CPU
		{2E2E7385-A0AB-4CC4-BDC5-9F4FE12791F2}.Debug|Any CPU.Build.0 = Debug|Any CPU
		{2E2E7385-A0AB-4CC4-BDC5-9F4FE12791F2}.Release|Any CPU.ActiveCfg = Release|Any CPU
		{2E2E7385-A0AB-4CC4-BDC5-9F4FE12791F2}.Release|Any CPU.Build.0 = Release|Any CPU
	EndGlobalSection
	GlobalSection(SolutionProperties) = preSolution
		HideSolutionNode = FALSE
	EndGlobalSection
	GlobalSection(NestedProjects) = preSolution
		{70674E05-E145-46C5-8A62-50F9BB721544} = {00F80CD7-8CEC-411D-8D9F-9BA238BED901}
		{68179155-2562-431B-BB96-0A846FC0B76C} = {46F31B3E-E8D3-4A2A-98F8-1A7AEEEF4328}
		{7ACE77A2-A245-4C9C-8BA0-CC6B64EFD62B} = {46F31B3E-E8D3-4A2A-98F8-1A7AEEEF4328}
		{D433634F-E7CA-49F3-8DFC-125BEBC422CF} = {00F80CD7-8CEC-411D-8D9F-9BA238BED901}
		{472053A7-F787-4D63-89A7-7687252B341B} = {46F31B3E-E8D3-4A2A-98F8-1A7AEEEF4328}
		{49186D82-0149-431F-BD52-577E99FC9B0F} = {00F80CD7-8CEC-411D-8D9F-9BA238BED901}
		{220DE9CA-66E0-44F8-B490-84C813C23291} = {46F31B3E-E8D3-4A2A-98F8-1A7AEEEF4328}
		{2E2E7385-A0AB-4CC4-BDC5-9F4FE12791F2} = {00F80CD7-8CEC-411D-8D9F-9BA238BED901}
	EndGlobalSection
	GlobalSection(ExtensibilityGlobals) = postSolution
		SolutionGuid = {0488D242-6DF3-436B-9543-12296327C47F}
	EndGlobalSection
EndGlobal
